{
  "name": "snapmed",
  "version": "2.21.0",
  "lockfileVersion": 1,
  "requires": true,
  "dependencies": {
    "cleave.js": {
      "version": "1.6.0",
      "resolved": "https://registry.npmjs.org/cleave.js/-/cleave.js-1.6.0.tgz",
      "integrity": "sha512-ivqesy3j5hQVG3gywPfwKPbi/7ZSftY/UNp5uphnqjr25yI2CP8FS2ODQPzuLXXnNLi29e2+PgPkkiKUXLs/Nw=="
    },
    "moment": {
      "version": "2.29.1",
      "resolved": "https://registry.npmjs.org/moment/-/moment-2.29.1.tgz",
      "integrity": "sha512-kHmoybcPV8Sqy59DwNDY3Jefr64lK/by/da0ViFcuA4DH0vQg5Q6Ze5VimxkfQNSC+Mls/Kx53s7TjP1RhFEDQ=="
    },
    "vue": {
      "version": "2.6.12",
      "resolved": "https://registry.npmjs.org/vue/-/vue-2.6.12.tgz",
      "integrity": "sha1-9evU+mvShpQD4pqJau1JBEVskSM="
    },
    "vue-select": {
      "version": "3.11.2",
      "resolved": "https://registry.npmjs.org/vue-select/-/vue-select-3.11.2.tgz",
      "integrity": "sha512-pIOcY8ajWNSwg8Ns4eHVr5ZWwqKCSZeQRymTnlUI8i+3QiQXF6JIM4lylK6mVfbccs4S6vOyxB7zmJBpp7tDUg=="
    },
    "vuejs-datepicker": {
      "version": "1.6.2",
      "resolved": "https://registry.npmjs.org/vuejs-datepicker/-/vuejs-datepicker-1.6.2.tgz",
      "integrity": "sha512-PkC4vxzFBo7i6FSCUAJfnaWOx6VkKbOqxijSGHHlWxh8FIUKEZVtFychkonVWtK3iwWfhmYtqHcwsmgxefLpLQ=="
    }
  }
}
